
Microsoft Visual Studio Solution File, Format Version 12.00
# Visual Studio 15
VisualStudioVersion = 15.0.28010.2026
MinimumVisualStudioVersion = 10.0.40219.1
Project("{9A19103F-16F7-4668-BE54-9A1E7A4F7556}") = "ChargeCalculator", "ChargeCalculator\ChargeCalculator.csproj", "{3B7017D9-F57C-45ED-9709-F9E8A37E2205}"
EndProject
Project("{FAE04EC0-301F-11D3-BF4B-00C04F79EFBC}") = "ChargeCalculatorTests", "ChargeCalculatorTests\ChargeCalculatorTests.csproj", "{1D911D85-EA9D-47BF-879C-BCF484440F7C}"
EndProject
Global
	GlobalSection(SolutionConfigurationPlatforms) = preSolution
		Debug|Any CPU = Debug|Any CPU
		Release|Any CPU = Release|Any CPU
	EndGlobalSection
	GlobalSection(ProjectConfigurationPlatforms) = postSolution
		{3B7017D9-F57C-45ED-9709-F9E8A37E2205}.Debug|Any CPU.ActiveCfg = Debug|Any CPU
		{3B7017D9-F57C-45ED-9709-F9E8A37E2205}.Debug|Any CPU.Build.0 = Debug|Any CPU
		{3B7017D9-F57C-45ED-9709-F9E8A37E2205}.Release|Any CPU.ActiveCfg = Release|Any CPU
		{3B7017D9-F57C-45ED-9709-F9E8A37E2205}.Release|Any CPU.Build.0 = Release|Any CPU
		{1D911D85-EA9D-47BF-879C-BCF484440F7C}.Debug|Any CPU.ActiveCfg = Debug|Any CPU
		{1D911D85-EA9D-47BF-879C-BCF484440F7C}.Debug|Any CPU.Build.0 = Debug|Any CPU
		{1D911D85-EA9D-47BF-879C-BCF484440F7C}.Release|Any CPU.ActiveCfg = Release|Any CPU
		{1D911D85-EA9D-47BF-879C-BCF484440F7C}.Release|Any CPU.Build.0 = Release|Any CPU
	EndGlobalSection
	GlobalSection(SolutionProperties) = preSolution
		HideSolutionNode = FALSE
	EndGlobalSection
	GlobalSection(ExtensibilityGlobals) = postSolution
		SolutionGuid = {9D77DEBA-0240-45D6-885B-6BDFF1170764}
	EndGlobalSection
EndGlobal
